
Microsoft Visual Studio Solution File, Format Version 12.00
# Visual Studio 15
VisualStudioVersion = 15.0.27130.2036
MinimumVisualStudioVersion = 10.0.40219.1
Project("{FAE04EC0-301F-11D3-BF4B-00C04F79EFBC}") = "OddEvenKata", "OddEvenKata\OddEvenKata.csproj", "{7BCAFA6E-0998-45A0-96B0-DAF1B5C1CD04}"
EndProject
Project("{FAE04EC0-301F-11D3-BF4B-00C04F79EFBC}") = "OddEvenKata.Tests", "OddEvenKata.Tests\OddEvenKata.Tests.csproj", "{86C4C1E4-8A27-4867-A991-618D345C67AD}"
EndProject
Global
	GlobalSection(SolutionConfigurationPlatforms) = preSolution
		Debug|Any CPU = Debug|Any CPU
		Release|Any CPU = Release|Any CPU
	EndGlobalSection
	GlobalSection(ProjectConfigurationPlatforms) = postSolution
		{7BCAFA6E-0998-45A0-96B0-DAF1B5C1CD04}.Debug|Any CPU.ActiveCfg = Debug|Any CPU
		{7BCAFA6E-0998-45A0-96B0-DAF1B5C1CD04}.Debug|Any CPU.Build.0 = Debug|Any CPU
		{7BCAFA6E-0998-45A0-96B0-DAF1B5C1CD04}.Release|Any CPU.ActiveCfg = Release|Any CPU
		{7BCAFA6E-0998-45A0-96B0-DAF1B5C1CD04}.Release|Any CPU.Build.0 = Release|Any CPU
		{86C4C1E4-8A27-4867-A991-618D345C67AD}.Debug|Any CPU.ActiveCfg = Debug|Any CPU
		{86C4C1E4-8A27-4867-A991-618D345C67AD}.Debug|Any CPU.Build.0 = Debug|Any CPU
		{86C4C1E4-8A27-4867-A991-618D345C67AD}.Release|Any CPU.ActiveCfg = Release|Any CPU
		{86C4C1E4-8A27-4867-A991-618D345C67AD}.Release|Any CPU.Build.0 = Release|Any CPU
	EndGlobalSection
	GlobalSection(SolutionProperties) = preSolution
		HideSolutionNode = FALSE
	EndGlobalSection
	GlobalSection(ExtensibilityGlobals) = postSolution
		SolutionGuid = {1A0737A3-AE43-4788-A04A-78EA8F8DC457}
	EndGlobalSection
EndGlobal
